// !$*UTF8*$!
{
	archiveVersion = 1;
	classes = {
	};
	objectVersion = 50;
	objects = {

/* Begin PBXBuildFile section */
		19B0715A9A6CB84AF5552DB2 /* libPods-UITextView探究.a in Frameworks */ = {isa = PBXBuildFile; fileRef = 2169F93103A07B417F5E8F95 /* libPods-UITextView探究.a */; };
		B627B4BF25202A9700DED38A /* AppDelegate.m in Sources */ = {isa = PBXBuildFile; fileRef = B627B4BE25202A9700DED38A /* AppDelegate.m */; };
		B627B4C525202A9700DED38A /* ViewController.m in Sources */ = {isa = PBXBuildFile; fileRef = B627B4C425202A9700DED38A /* ViewController.m */; };
		B627B4CA25202A9A00DED38A /* Assets.xcassets in Resources */ = {isa = PBXBuildFile; fileRef = B627B4C925202A9A00DED38A /* Assets.xcassets */; };
		B627B4CD25202A9A00DED38A /* LaunchScreen.storyboard in Resources */ = {isa = PBXBuildFile; fileRef = B627B4CB25202A9A00DED38A /* LaunchScreen.storyboard */; };
		B627B4D025202A9A00DED38A /* main.m in Sources */ = {isa = PBXBuildFile; fileRef = B627B4CF25202A9A00DED38A /* main.m */; };
		B627B4D8252070FF00DED38A /* XMYPlaceHolderTextView.m in Sources */ = {isa = PBXBuildFile; fileRef = B627B4D7252070FF00DED38A /* XMYPlaceHolderTextView.m */; };
		B627B4DB2520752400DED38A /* FirstViewController.m in Sources */ = {isa = PBXBuildFile; fileRef = B627B4DA2520752400DED38A /* FirstViewController.m */; };
/* End PBXBuildFile section */

/* Begin PBXFileReference section */
		102D5239B8F0DC2E4ED58B7B /* Pods-UITextView探究.debug.xcconfig */ = {isa = PBXFileReference; includeInIndex = 1; lastKnownFileType = text.xcconfig; name = "Pods-UITextView探究.debug.xcconfig"; path = "Target Support Files/Pods-UITextView探究/Pods-UITextView探究.debug.xcconfig"; sourceTree = "<group>"; };
		2169F93103A07B417F5E8F95 /* libPods-UITextView探究.a */ = {isa = PBXFileReference; explicitFileType = archive.ar; includeInIndex = 0; path = "libPods-UITextView探究.a"; sourceTree = BUILT_PRODUCTS_DIR; };
		8962B3C6099237E61B874A56 /* Pods-UITextView探究.release.xcconfig */ = {isa = PBXFileReference; includeInIndex = 1; lastKnownFileType = text.xcconfig; name = "Pods-UITextView探究.release.xcconfig"; path = "Target Support Files/Pods-UITextView探究/Pods-UITextView探究.release.xcconfig"; sourceTree = "<group>"; };
		B627B4BA25202A9700DED38A /* UITextView探究.app */ = {isa = PBXFileReference; explicitFileType = wrapper.application; includeInIndex = 0; path = "UITextView探究.app"; sourceTree = BUILT_PRODUCTS_DIR; };
		B627B4BD25202A9700DED38A /* AppDelegate.h */ = {isa = PBXFileReference; lastKnownFileType = sourcecode.c.h; path = AppDelegate.h; sourceTree = "<group>"; };
		B627B4BE25202A9700DED38A /* AppDelegate.m */ = {isa = PBXFileReference; lastKnownFileType = sourcecode.c.objc; path = AppDelegate.m; sourceTree = "<group>"; };
		B627B4C325202A9700DED38A /* ViewController.h */ = {isa = PBXFileReference; lastKnownFileType = sourcecode.c.h; path = ViewController.h; sourceTree = "<group>"; };
		B627B4C425202A9700DED38A /* ViewController.m */ = {isa = PBXFileReference; lastKnownFileType = sourcecode.c.objc; path = ViewController.m; sourceTree = "<group>"; };
		B627B4C925202A9A00DED38A /* Assets.xcassets */ = {isa = PBXFileReference; lastKnownFileType = folder.assetcatalog; path = Assets.xcassets; sourceTree = "<group>"; };
		B627B4CC25202A9A00DED38A /* Base */ = {isa = PBXFileReference; lastKnownFileType = file.storyboard; name = Base; path = Base.lproj/LaunchScreen.storyboard; sourceTree = "<group>"; };
		B627B4CE25202A9A00DED38A /* Info.plist */ = {isa = PBXFileReference; lastKnownFileType = text.plist.xml; path = Info.plist; sourceTree = "<group>"; };
		B627B4CF25202A9A00DED38A /* main.m */ = {isa = PBXFileReference; lastKnownFileType = sourcecode.c.objc; path = main.m; sourceTree = "<group>"; };
		B627B4D6252070FF00DED38A /* XMYPlaceHolderTextView.h */ = {isa = PBXFileReference; lastKnownFileType = sourcecode.c.h; path = XMYPlaceHolderTextView.h; sourceTree = "<group>"; };
		B627B4D7252070FF00DED38A /* XMYPlaceHolderTextView.m */ = {isa = PBXFileReference; lastKnownFileType = sourcecode.c.objc; path = XMYPlaceHolderTextView.m; sourceTree = "<group>"; };
		B627B4D92520752400DED38A /* FirstViewController.h */ = {isa = PBXFileReference; lastKnownFileType = sourcecode.c.h; path = FirstViewController.h; sourceTree = "<group>"; };
		B627B4DA2520752400DED38A /* FirstViewController.m */ = {isa = PBXFileReference; lastKnownFileType = sourcecode.c.objc; path = FirstViewController.m; sourceTree = "<group>"; };
/* End PBXFileReference section */

/* Begin PBXFrameworksBuildPhase section */
		B627B4B725202A9700DED38A /* Frameworks */ = {
			isa = PBXFrameworksBuildPhase;
			buildActionMask = 2147483647;
			files = (
				19B0715A9A6CB84AF5552DB2 /* libPods-UITextView探究.a in Frameworks */,
			);
			runOnlyForDeploymentPostprocessing = 0;
		};
/* End PBXFrameworksBuildPhase section */

/* Begin PBXGroup section */
		040B9C24F313FBAE2A9F495F /* Pods */ = {
			isa = PBXGroup;
			children = (
				102D5239B8F0DC2E4ED58B7B /* Pods-UITextView探究.debug.xcconfig */,
				8962B3C6099237E61B874A56 /* Pods-UITextView探究.release.xcconfig */,
			);
			path = Pods;
			sourceTree = "<group>";
		};
		592E94D39E559D492B0B8752 /* Frameworks */ = {
			isa = PBXGroup;
			children = (
				2169F93103A07B417F5E8F95 /* libPods-UITextView探究.a */,
			);
			name = Frameworks;
			sourceTree = "<group>";
		};
		B627B4B125202A9700DED38A = {
			isa = PBXGroup;
			children = (
				B627B4BC25202A9700DED38A /* UITextView探究 */,
				B627B4BB25202A9700DED38A /* Products */,
				040B9C24F313FBAE2A9F495F /* Pods */,
				592E94D39E559D492B0B8752 /* Frameworks */,
			);
			sourceTree = "<group>";
		};
		B627B4BB25202A9700DED38A /* Products */ = {
			isa = PBXGroup;
			children = (
				B627B4BA25202A9700DED38A /* UITextView探究.app */,
			);
			name = Products;
			sourceTree = "<group>";
		};
		B627B4BC25202A9700DED38A /* UITextView探究 */ = {
			isa = PBXGroup;
			children = (
				B627B4BD25202A9700DED38A /* AppDelegate.h */,
				B627B4BE25202A9700DED38A /* AppDelegate.m */,
				B627B4C325202A9700DED38A /* ViewController.h */,
				B627B4C425202A9700DED38A /* ViewController.m */,
				B627B4D92520752400DED38A /* FirstViewController.h */,
				B627B4DA2520752400DED38A /* FirstViewController.m */,
				B627B4D6252070FF00DED38A /* XMYPlaceHolderTextView.h */,
				B627B4D7252070FF00DED38A /* XMYPlaceHolderTextView.m */,
				B627B4C925202A9A00DED38A /* Assets.xcassets */,
				B627B4CB25202A9A00DED38A /* LaunchScreen.storyboard */,
				B627B4CE25202A9A00DED38A /* Info.plist */,
				B627B4CF25202A9A00DED38A /* main.m */,
			);
			path = "UITextView探究";
			sourceTree = "<group>";
		};
/* End PBXGroup section */

/* Begin PBXNativeTarget section */
		B627B4B925202A9700DED38A /* UITextView探究 */ = {
			isa = PBXNativeTarget;
			buildConfigurationList = B627B4D325202A9A00DED38A /* Build configuration list for PBXNativeTarget "UITextView探究" */;
			buildPhases = (
				616446A705DA65D3681AAF55 /* [CP] Check Pods Manifest.lock */,
				B627B4B625202A9700DED38A /* Sources */,
				B627B4B725202A9700DED38A /* Frameworks */,
				B627B4B825202A9700DED38A /* Resources */,
			);
			buildRules = (
			);
			dependencies = (
			);
			name = "UITextView探究";
			productName = "UITextView探究";
			productReference = B627B4BA25202A9700DED38A /* UITextView探究.app */;
			productType = "com.apple.product-type.application";
		};
/* End PBXNativeTarget section */

/* Begin PBXProject section */
		B627B4B225202A9700DED38A /* Project object */ = {
			isa = PBXProject;
			attributes = {
				LastUpgradeCheck = 1100;
				ORGANIZATIONNAME = "许明洋";
				TargetAttributes = {
					B627B4B925202A9700DED38A = {
						CreatedOnToolsVersion = 11.0;
					};
				};
			};
			buildConfigurationList = B627B4B525202A9700DED38A /* Build configuration list for PBXProject "UITextView探究" */;
			compatibilityVersion = "Xcode 9.3";
			developmentRegion = en;
			hasScannedForEncodings = 0;
			knownRegions = (
				en,
				Base,
			);
			mainGroup = B627B4B125202A9700DED38A;
			productRefGroup = B627B4BB25202A9700DED38A /* Products */;
			projectDirPath = "";
			projectRoot = "";
			targets = (
				B627B4B925202A9700DED38A /* UITextView探究 */,
			);
		};
/* End PBXProject section */

/* Begin PBXResourcesBuildPhase section */
		B627B4B825202A9700DED38A /* Resources */ = {
			isa = PBXResourcesBuildPhase;
			buildActionMask = 2147483647;
			files = (
				B627B4CD25202A9A00DED38A /* LaunchScreen.storyboard in Resources */,
				B627B4CA25202A9A00DED38A /* Assets.xcassets in Resources */,
			);
			runOnlyForDeploymentPostprocessing = 0;
		};
/* End PBXResourcesBuildPhase section */

/* Begin PBXShellScriptBuildPhase section */
		616446A705DA65D3681AAF55 /* [CP] Check Pods Manifest.lock */ = {
			isa = PBXShellScriptBuildPhase;
			buildActionMask = 2147483647;
			files = (
			);
			inputFileListPaths = (
			);
			inputPaths = (
				"${PODS_PODFILE_DIR_PATH}/Podfile.lock",
				"${PODS_ROOT}/Manifest.lock",
			);
			name = "[CP] Check Pods Manifest.lock";
			outputFileListPaths = (
			);
			outputPaths = (
				"$(DERIVED_FILE_DIR)/Pods-UITextView探究-checkManifestLockResult.txt",
			);
			runOnlyForDeploymentPostprocessing = 0;
			shellPath = /bin/sh;
			shellScript = "diff \"${PODS_PODFILE_DIR_PATH}/Podfile.lock\" \"${PODS_ROOT}/Manifest.lock\" > /dev/null\nif [ $? != 0 ] ; then\n    # print error to STDERR\n    echo \"error: The sandbox is not in sync with the Podfile.lock. Run 'pod install' or update your CocoaPods installation.\" >&2\n    exit 1\nfi\n# This output is used by Xcode 'outputs' to avoid re-running this script phase.\necho \"SUCCESS\" > \"${SCRIPT_OUTPUT_FILE_0}\"\n";
			showEnvVarsInLog = 0;
		};
/* End PBXShellScriptBuildPhase section */

/* Begin PBXSourcesBuildPhase section */
		B627B4B625202A9700DED38A /* Sources */ = {
			isa = PBXSourcesBuildPhase;
			buildActionMask = 2147483647;
			files = (
				B627B4D8252070FF00DED38A /* XMYPlaceHolderTextView.m in Sources */,
				B627B4C525202A9700DED38A /* ViewController.m in Sources */,
				B627B4DB2520752400DED38A /* FirstViewController.m in Sources */,
				B627B4BF25202A9700DED38A /* AppDelegate.m in Sources */,
				B627B4D025202A9A00DED38A /* main.m in Sources */,
			);
			runOnlyForDeploymentPostprocessing = 0;
		};
/* End PBXSourcesBuildPhase section */

/* Begin PBXVariantGroup section */
		B627B4CB25202A9A00DED38A /* LaunchScreen.storyboard */ = {
			isa = PBXVariantGroup;
			children = (
				B627B4CC25202A9A00DED38A /* Base */,
			);
			name = LaunchScreen.storyboard;
			sourceTree = "<group>";
		};
/* End PBXVariantGroup section */

/* Begin XCBuildConfiguration section */
		B627B4D125202A9A00DED38A /* Debug */ = {
			isa = XCBuildConfiguration;
			buildSettings = {
				ALWAYS_SEARCH_USER_PATHS = NO;
				CLANG_ANALYZER_NONNULL = YES;
				CLANG_ANALYZER_NUMBER_OBJECT_CONVERSION = YES_AGGRESSIVE;
				CLANG_CXX_LANGUAGE_STANDARD = "gnu++14";
				CLANG_CXX_LIBRARY = "libc++";
				CLANG_ENABLE_MODULES = YES;
				CLANG_ENABLE_OBJC_ARC = YES;
				CLANG_ENABLE_OBJC_WEAK = YES;
				CLANG_WARN_BLOCK_CAPTURE_AUTORELEASING = YES;
				CLANG_WARN_BOOL_CONVERSION = YES;
				CLANG_WARN_COMMA = YES;
				CLANG_WARN_CONSTANT_CONVERSION = YES;
				CLANG_WARN_DEPRECATED_OBJC_IMPLEMENTATIONS = YES;
				CLANG_WARN_DIRECT_OBJC_ISA_USAGE = YES_ERROR;
				CLANG_WARN_DOCUMENTATION_COMMENTS = YES;
				CLANG_WARN_EMPTY_BODY = YES;
				CLANG_WARN_ENUM_CONVERSION = YES;
				CLANG_WARN_INFINITE_RECURSION = YES;
				CLANG_WARN_INT_CONVERSION = YES;
				CLANG_WARN_NON_LITERAL_NULL_CONVERSION = YES;
				CLANG_WARN_OBJC_IMPLICIT_RETAIN_SELF = YES;
				CLANG_WARN_OBJC_LITERAL_CONVERSION = YES;
				CLANG_WARN_OBJC_ROOT_CLASS = YES_ERROR;
				CLANG_WARN_RANGE_LOOP_ANALYSIS = YES;
				CLANG_WARN_STRICT_PROTOTYPES = YES;
				CLANG_WARN_SUSPICIOUS_MOVE = YES;
				CLANG_WARN_UNGUARDED_AVAILABILITY = YES_AGGRESSIVE;
				CLANG_WARN_UNREACHABLE_CODE = YES;
				CLANG_WARN__DUPLICATE_METHOD_MATCH = YES;
				COPY_PHASE_STRIP = NO;
				DEBUG_INFORMATION_FORMAT = dwarf;
				ENABLE_STRICT_OBJC_MSGSEND = YES;
				ENABLE_TESTABILITY = YES;
				GCC_C_LANGUAGE_STANDARD = gnu11;
				GCC_DYNAMIC_NO_PIC = NO;
				GCC_NO_COMMON_BLOCKS = YES;
				GCC_OPTIMIZATION_LEVEL = 0;
				GCC_PREPROCESSOR_DEFINITIONS = (
					"DEBUG=1",
					"$(inherited)",
				);
				GCC_WARN_64_TO_32_BIT_CONVERSION = YES;
				GCC_WARN_ABOUT_RETURN_TYPE = YES_ERROR;
				GCC_WARN_UNDECLARED_SELECTOR = YES;
				GCC_WARN_UNINITIALIZED_AUTOS = YES_AGGRESSIVE;
				GCC_WARN_UNUSED_FUNCTION = YES;
				GCC_WARN_UNUSED_VARIABLE = YES;
				IPHONEOS_DEPLOYMENT_TARGET = 13.0;
				MTL_ENABLE_DEBUG_INFO = INCLUDE_SOURCE;
				MTL_FAST_MATH = YES;
				ONLY_ACTIVE_ARCH = YES;
				SDKROOT = iphoneos;
			};
			name = Debug;
		};
		B627B4D225202A9A00DED38A /* Release */ = {
			isa = XCBuildConfiguration;
			buildSettings = {
				ALWAYS_SEARCH_USER_PATHS = NO;
				CLANG_ANALYZER_NONNULL = YES;
				CLANG_ANALYZER_NUMBER_OBJECT_CONVERSION = YES_AGGRESSIVE;
				CLANG_CXX_LANGUAGE_STANDARD = "gnu++14";
				CLANG_CXX_LIBRARY = "libc++";
				CLANG_ENABLE_MODULES = YES;
				CLANG_ENABLE_OBJC_ARC = YES;
				CLANG_ENABLE_OBJC_WEAK = YES;
				CLANG_WARN_BLOCK_CAPTURE_AUTORELEASING = YES;
				CLANG_WARN_BOOL_CONVERSION = YES;
				CLANG_WARN_COMMA = YES;
				CLANG_WARN_CONSTANT_CONVERSION = YES;
				CLANG_WARN_DEPRECATED_OBJC_IMPLEMENTATIONS = YES;
				CLANG_WARN_DIRECT_OBJC_ISA_USAGE = YES_ERROR;
				CLANG_WARN_DOCUMENTATION_COMMENTS = YES;
				CLANG_WARN_EMPTY_BODY = YES;
				CLANG_WARN_ENUM_CONVERSION = YES;
				CLANG_WARN_INFINITE_RECURSION = YES;
				CLANG_WARN_INT_CONVERSION = YES;
				CLANG_WARN_NON_LITERAL_NULL_CONVERSION = YES;
				CLANG_WARN_OBJC_IMPLICIT_RETAIN_SELF = YES;
				CLANG_WARN_OBJC_LITERAL_CONVERSION = YES;
				CLANG_WARN_OBJC_ROOT_CLASS = YES_ERROR;
				CLANG_WARN_RANGE_LOOP_ANALYSIS = YES;
				CLANG_WARN_STRICT_PROTOTYPES = YES;
				CLANG_WARN_SUSPICIOUS_MOVE = YES;
				CLANG_WARN_UNGUARDED_AVAILABILITY = YES_AGGRESSIVE;
				CLANG_WARN_UNREACHABLE_CODE = YES;
				CLANG_WARN__DUPLICATE_METHOD_MATCH = YES;
				COPY_PHASE_STRIP = NO;
				DEBUG_INFORMATION_FORMAT = "dwarf-with-dsym";
				ENABLE_NS_ASSERTIONS = NO;
				ENABLE_STRICT_OBJC_MSGSEND = YES;
				GCC_C_LANGUAGE_STANDARD = gnu11;
				GCC_NO_COMMON_BLOCKS = YES;
				GCC_WARN_64_TO_32_BIT_CONVERSION = YES;
				GCC_WARN_ABOUT_RETURN_TYPE = YES_ERROR;
				GCC_WARN_UNDECLARED_SELECTOR = YES;
				GCC_WARN_UNINITIALIZED_AUTOS = YES_AGGRESSIVE;
				GCC_WARN_UNUSED_FUNCTION = YES;
				GCC_WARN_UNUSED_VARIABLE = YES;
				IPHONEOS_DEPLOYMENT_TARGET = 13.0;
				MTL_ENABLE_DEBUG_INFO = NO;
				MTL_FAST_MATH = YES;
				SDKROOT = iphoneos;
				VALIDATE_PRODUCT = YES;
			};
			name = Release;
		};
		B627B4D425202A9A00DED38A /* Debug */ = {
			isa = XCBuildConfiguration;
			baseConfigurationReference = 102D5239B8F0DC2E4ED58B7B /* Pods-UITextView探究.debug.xcconfig */;
			buildSettings = {
				ASSETCATALOG_COMPILER_APPICON_NAME = AppIcon;
				CODE_SIGN_STYLE = Automatic;
				DEVELOPMENT_TEAM = NC2M6D7A5Q;
				INFOPLIST_FILE = "UITextView探究/Info.plist";
				LD_RUNPATH_SEARCH_PATHS = (
					"$(inherited)",
					"@executable_path/Frameworks",
				);
				PRODUCT_BUNDLE_IDENTIFIER = "com.greatyun.UITextView--";
				PRODUCT_NAME = "$(TARGET_NAME)";
				TARGETED_DEVICE_FAMILY = "1,2";
			};
			name = Debug;
		};
		B627B4D525202A9A00DED38A /* Release */ = {
			isa = XCBuildConfiguration;
			baseConfigurationReference = 8962B3C6099237E61B874A56 /* Pods-UITextView探究.release.xcconfig */;
			buildSettings = {
				ASSETCATALOG_COMPILER_APPICON_NAME = AppIcon;
				CODE_SIGN_STYLE = Automatic;
				DEVELOPMENT_TEAM = NC2M6D7A5Q;
				INFOPLIST_FILE = "UITextView探究/Info.plist";
				LD_RUNPATH_SEARCH_PATHS = (
					"$(inherited)",
					"@executable_path/Frameworks",
				);
				PRODUCT_BUNDLE_IDENTIFIER = "com.greatyun.UITextView--";
				PRODUCT_NAME = "$(TARGET_NAME)";
				TARGETED_DEVICE_FAMILY = "1,2";
			};
			name = Release;
		};
/* End XCBuildConfiguration section */

/* Begin XCConfigurationList section */
		B627B4B525202A9700DED38A /* Build configuration list for PBXProject "UITextView探究" */ = {
			isa = XCConfigurationList;
			buildConfigurations = (
				B627B4D125202A9A00DED38A /* Debug */,
				B627B4D225202A9A00DED38A /* Release */,
			);
			defaultConfigurationIsVisible = 0;
			defaultConfigurationName = Release;
		};
		B627B4D325202A9A00DED38A /* Build configuration list for PBXNativeTarget "UITextView探究" */ = {
			isa = XCConfigurationList;
			buildConfigurations = (
				B627B4D425202A9A00DED38A /* Debug */,
				B627B4D525202A9A00DED38A /* Release */,
			);
			defaultConfigurationIsVisible = 0;
			defaultConfigurationName = Release;
		};
/* End XCConfigurationList section */
	};
	rootObject = B627B4B225202A9700DED38A /* Project object */;
}
